{
  "nodes": {
    "agenix": {
      "inputs": {
        "darwin": [],
        "home-manager": "home-manager",
        "nixpkgs": [
          "nixpkgs"
        ],
        "systems": "systems"
      },
      "locked": {
        "lastModified": 1770165109,
        "narHash": "sha256-9VnK6Oqai65puVJ4WYtCTvlJeXxMzAp/69HhQuTdl/I=",
        "owner": "ryantm",
        "repo": "agenix",
        "rev": "b027ee29d959fda4b60b57566d64c98a202e0feb",
        "type": "github"
      },
      "original": {
        "owner": "ryantm",
        "repo": "agenix",
        "type": "github"
      }
    },
    "firefox-addons": {
      "inputs": {
        "nixpkgs": [
          "nixpkgs"
        ]
      },
      "locked": {
        "dir": "pkgs/firefox-addons",
        "lastModified": 1773374581,
        "narHash": "sha256-cqbRdYEmO8FNoaUtoc6+GLR4EGU1f24cGJiQUPJJmxI=",
        "owner": "rycee",
        "repo": "nur-expressions",
        "rev": "c73146d00a2a01e2ac844ceed9640e0f314a5dda",
        "type": "gitlab"
      },
      "original": {
        "dir": "pkgs/firefox-addons",
        "owner": "rycee",
        "repo": "nur-expressions",
        "type": "gitlab"
      }
    },
    "hardware": {
      "locked": {
        "lastModified": 1772972630,
        "narHash": "sha256-mUJxsNOrBMNOUJzN0pfdVJ1r2pxeqm9gI/yIKXzVVbk=",
        "owner": "nixos",
        "repo": "nixos-hardware",
        "rev": "3966ce987e1a9a164205ac8259a5fe8a64528f72",
        "type": "github"
      },
      "original": {
        "owner": "nixos",
        "repo": "nixos-hardware",
        "type": "github"
      }
    },
    "home-manager": {
      "inputs": {
        "nixpkgs": [
          "agenix",
          "nixpkgs"
        ]
      },
      "locked": {
        "lastModified": 1745494811,
        "narHash": "sha256-YZCh2o9Ua1n9uCvrvi5pRxtuVNml8X2a03qIFfRKpFs=",
        "owner": "nix-community",
        "repo": "home-manager",
        "rev": "abfad3d2958c9e6300a883bd443512c55dfeb1be",
        "type": "github"
      },
      "original": {
        "owner": "nix-community",
        "repo": "home-manager",
        "type": "github"
      }
    },
    "home-manager_2": {
      "inputs": {
        "nixpkgs": [
          "nixpkgs"
        ]
      },
      "locked": {
        "lastModified": 1773264488,
        "narHash": "sha256-rK0507bDuWBrZo+0zts9bCs/+RRUEHuvFE5DHWPxX/Q=",
        "owner": "nix-community",
        "repo": "home-manager",
        "rev": "5c0f63f8d55040a7eed69df7e3fcdd15dfb5a04c",
        "type": "github"
      },
      "original": {
        "owner": "nix-community",
        "ref": "release-25.11",
        "repo": "home-manager",
        "type": "github"
      }
    },
    "home-manager_3": {
      "inputs": {
        "nixpkgs": [
          "zen-browser",
          "nixpkgs"
        ]
      },
      "locked": {
        "lastModified": 1772330611,
        "narHash": "sha256-UZjPc/d5XRxvjDbk4veAO4XFdvx6BUum2l40V688Xq8=",
        "owner": "nix-community",
        "repo": "home-manager",
        "rev": "58fd7ff0eec2cda43e705c4c0585729ec471d400",
        "type": "github"
      },
      "original": {
        "owner": "nix-community",
        "repo": "home-manager",
        "type": "github"
      }
    },
    "master_pkgs": {
      "locked": {
        "lastModified": 1773430197,
        "narHash": "sha256-ulj7VF5MFYwDb6sM/6vAlNKyAl1qSrDj3DEgII+JcVs=",
        "owner": "NixOS",
        "repo": "nixpkgs",
        "rev": "3921bf3bc6abf8b69d6346fed7d7ea34596fae9c",
        "type": "github"
      },
      "original": {
        "owner": "NixOS",
        "ref": "master",
        "repo": "nixpkgs",
        "type": "github"
      }
    },
    "nixpkgs": {
      "locked": {
        "lastModified": 1773222311,
        "narHash": "sha256-BHoB/XpbqoZkVYZCfXJXfkR+GXFqwb/4zbWnOr2cRcU=",
        "owner": "NixOS",
        "repo": "nixpkgs",
        "rev": "0590cd39f728e129122770c029970378a79d076a",
        "type": "github"
      },
      "original": {
        "owner": "NixOS",
        "ref": "nixos-25.11",
        "repo": "nixpkgs",
        "type": "github"
      }
    },
    "root": {
      "inputs": {
        "agenix": "agenix",
        "firefox-addons": "firefox-addons",
        "hardware": "hardware",
        "home-manager": "home-manager_2",
        "master_pkgs": "master_pkgs",
        "nixpkgs": "nixpkgs",
        "systems": "systems_2",
        "treefmt-nix": "treefmt-nix",
        "zen-browser": "zen-browser"
      }
    },
    "systems": {
      "locked": {
        "lastModified": 1681028828,
        "narHash": "sha256-Vy1rq5AaRuLzOxct8nz4T6wlgyUR7zLU309k9mBC768=",
        "owner": "nix-systems",
        "repo": "default",
        "rev": "da67096a3b9bf56a91d16901293e51ba5b49a27e",
        "type": "github"
      },
      "original": {
        "owner": "nix-systems",
        "repo": "default",
        "type": "github"
      }
    },
    "systems_2": {
      "locked": {
        "lastModified": 1681028828,
        "narHash": "sha256-Vy1rq5AaRuLzOxct8nz4T6wlgyUR7zLU309k9mBC768=",
        "owner": "nix-systems",
        "repo": "default",
        "rev": "da67096a3b9bf56a91d16901293e51ba5b49a27e",
        "type": "github"
      },
      "original": {
        "owner": "nix-systems",
        "repo": "default",
        "type": "github"
      }
    },
    "treefmt-nix": {
      "inputs": {
        "nixpkgs": [
          "nixpkgs"
        ]
      },
      "locked": {
        "lastModified": 1773297127,
        "narHash": "sha256-6E/yhXP7Oy/NbXtf1ktzmU8SdVqJQ09HC/48ebEGBpk=",
        "owner": "numtide",
        "repo": "treefmt-nix",
        "rev": "71b125cd05fbfd78cab3e070b73544abe24c5016",
        "type": "github"
      },
      "original": {
        "owner": "numtide",
        "repo": "treefmt-nix",
        "type": "github"
      }
    },
    "zen-browser": {
      "inputs": {
        "home-manager": "home-manager_3",
        "nixpkgs": [
          "nixpkgs"
        ]
      },
      "locked": {
        "lastModified": 1773290887,
        "narHash": "sha256-L1yMYmFffHfZNP+hKJGRBmrFKkn/VDhu7jEbVftBQuM=",
        "owner": "0xc000022070",
        "repo": "zen-browser-flake",
        "rev": "9346698c4562819f61b4e5097151ec0b17729fab",
        "type": "github"
      },
      "original": {
        "owner": "0xc000022070",
        "repo": "zen-browser-flake",
        "type": "github"
      }
    }
  },
  "root": "root",
  "version": 7
}
